PODS:
  - boost (1.76.0)
  - CocoaAsyncSocket (7.6.5)
  - DoubleConversion (1.1.6)
  - EXApplication (4.2.2):
    - ExpoModulesCore
  - EXConstants (13.2.4):
    - ExpoModulesCore
  - EXErrorRecovery (3.2.0):
    - ExpoModulesCore
  - EXFileSystem (14.1.0):
    - ExpoModulesCore
  - EXFont (10.2.0):
    - ExpoModulesCore
  - Expo (46.0.10):
    - ExpoModulesCore
  - ExpoKeepAwake (10.2.0):
    - ExpoModulesCore
  - ExpoLocalization (13.1.0):
    - ExpoModulesCore
  - ExpoModulesCore (0.11.5):
    - React-Core
    - ReactCommon/turbomodule/core
  - FBLazyVector (0.70.0)
  - FBReactNativeSpec (0.70.0):
    - RCT-Folly (= 2021.07.22.00)
    - RCTRequired (= 0.70.0)
    - RCTTypeSafety (= 0.70.0)
    - React-Core (= 0.70.0)
    - React-jsi (= 0.70.0)
    - ReactCommon/turbomodule/core (= 0.70.0)
  - Flipper (0.125.0):
    - Flipper-Folly (~> 2.6)
    - Flipper-RSocket (~> 1.4)
  - Flipper-Boost-iOSX (1.76.0.1.11)
  - Flipper-DoubleConversion (3.2.0.1)
  - Flipper-Fmt (7.1.7)
  - Flipper-Folly (2.6.10):
    - Flipper-Boost-iOSX
    - Flipper-DoubleConversion
    - Flipper-Fmt (= 7.1.7)
    - Flipper-Glog
    - libevent (~> 2.1.12)
    - OpenSSL-Universal (= 1.1.1100)
  - Flipper-Glog (0.5.0.5)
  - Flipper-PeerTalk (0.0.4)
  - Flipper-RSocket (1.4.3):
    - Flipper-Folly (~> 2.6)
  - FlipperKit (0.125.0):
    - FlipperKit/Core (= 0.125.0)
  - FlipperKit/Core (0.125.0):
    - Flipper (~> 0.125.0)
    - FlipperKit/CppBridge
    - FlipperKit/FBCxxFollyDynamicConvert
    - FlipperKit/FBDefines
    - FlipperKit/FKPortForwarding
    - SocketRocket (~> 0.6.0)
  - FlipperKit/CppBridge (0.125.0):
    - Flipper (~> 0.125.0)
  - FlipperKit/FBCxxFollyDynamicConvert (0.125.0):
    - Flipper-Folly (~> 2.6)
  - FlipperKit/FBDefines (0.125.0)
  - FlipperKit/FKPortForwarding (0.125.0):
    - CocoaAsyncSocket (~> 7.6)
    - Flipper-PeerTalk (~> 0.0.4)
  - FlipperKit/FlipperKitHighlightOverlay (0.125.0)
  - FlipperKit/FlipperKitLayoutHelpers (0.125.0):
    - FlipperKit/Core
    - FlipperKit/FlipperKitHighlightOverlay
    - FlipperKit/FlipperKitLayoutTextSearchable
  - FlipperKit/FlipperKitLayoutIOSDescriptors (0.125.0):
    - FlipperKit/Core
    - FlipperKit/FlipperKitHighlightOverlay
    - FlipperKit/FlipperKitLayoutHelpers
    - YogaKit (~> 1.18)
  - FlipperKit/FlipperKitLayoutPlugin (0.125.0):
    - FlipperKit/Core
    - FlipperKit/FlipperKitHighlightOverlay
    - FlipperKit/FlipperKitLayoutHelpers
    - FlipperKit/FlipperKitLayoutIOSDescriptors
    - FlipperKit/FlipperKitLayoutTextSearchable
    - YogaKit (~> 1.18)
  - FlipperKit/FlipperKitLayoutTextSearchable (0.125.0)
  - FlipperKit/FlipperKitNetworkPlugin (0.125.0):
    - FlipperKit/Core
  - FlipperKit/FlipperKitReactPlugin (0.125.0):
    - FlipperKit/Core
  - FlipperKit/FlipperKitUserDefaultsPlugin (0.125.0):
    - FlipperKit/Core
  - FlipperKit/SKIOSNetworkPlugin (0.125.0):
    - FlipperKit/Core
    - FlipperKit/FlipperKitNetworkPlugin
  - fmt (6.2.1)
  - glog (0.3.5)
  - hermes-engine (0.70.0)
  - HMSegmentedControl (1.5.6)
  - libevent (2.1.12)
  - libwebp (1.2.3):
    - libwebp/demux (= 1.2.3)
    - libwebp/mux (= 1.2.3)
    - libwebp/webp (= 1.2.3)
  - libwebp/demux (1.2.3):
    - libwebp/webp
  - libwebp/mux (1.2.3):
    - libwebp/demux
  - libwebp/webp (1.2.3)
  - MMKV (1.2.14):
    - MMKVCore (~> 1.2.14)
  - MMKVCore (1.2.14)
  - OpenSSL-Universal (1.1.1100)
  - RCT-Folly (2021.07.22.00):
    - boost
    - DoubleConversion
    - fmt (~> 6.2.1)
    - glog
    - RCT-Folly/Default (= 2021.07.22.00)
  - RCT-Folly/Default (2021.07.22.00):
    - boost
    - DoubleConversion
    - fmt (~> 6.2.1)
    - glog
  - RCT-Folly/Futures (2021.07.22.00):
    - boost
    - DoubleConversion
    - fmt (~> 6.2.1)
    - glog
    - libevent
  - RCTRequired (0.70.0)
  - RCTTypeSafety (0.70.0):
    - FBLazyVector (= 0.70.0)
    - RCTRequired (= 0.70.0)
    - React-Core (= 0.70.0)
  - React (0.70.0):
    - React-Core (= 0.70.0)
    - React-Core/DevSupport (= 0.70.0)
    - React-Core/RCTWebSocket (= 0.70.0)
    - React-RCTActionSheet (= 0.70.0)
    - React-RCTAnimation (= 0.70.0)
    - React-RCTBlob (= 0.70.0)
    - React-RCTImage (= 0.70.0)
    - React-RCTLinking (= 0.70.0)
    - React-RCTNetwork (= 0.70.0)
    - React-RCTSettings (= 0.70.0)
    - React-RCTText (= 0.70.0)
    - React-RCTVibration (= 0.70.0)
  - React-bridging (0.70.0):
    - RCT-Folly (= 2021.07.22.00)
    - React-jsi (= 0.70.0)
  - React-callinvoker (0.70.0)
  - React-Codegen (0.70.0):
    - FBReactNativeSpec (= 0.70.0)
    - RCT-Folly (= 2021.07.22.00)
    - RCTRequired (= 0.70.0)
    - RCTTypeSafety (= 0.70.0)
    - React-Core (= 0.70.0)
    - React-jsi (= 0.70.0)
    - React-jsiexecutor (= 0.70.0)
    - ReactCommon/turbomodule/core (= 0.70.0)
  - React-Core (0.70.0):
    - glog
    - RCT-Folly (= 2021.07.22.00)
    - React-Core/Default (= 0.70.0)
    - React-cxxreact (= 0.70.0)
    - React-jsi (= 0.70.0)
    - React-jsiexecutor (= 0.70.0)
    - React-perflogger (= 0.70.0)
    - Yoga
  - React-Core/CoreModulesHeaders (0.70.0):
    - glog
    - RCT-Folly (= 2021.07.22.00)
    - React-Core/Default
    - React-cxxreact (= 0.70.0)
    - React-jsi (= 0.70.0)
    - React-jsiexecutor (= 0.70.0)
    - React-perflogger (= 0.70.0)
    - Yoga
  - React-Core/Default (0.70.0):
    - glog
    - RCT-Folly (= 2021.07.22.00)
    - React-cxxreact (= 0.70.0)
    - React-jsi (= 0.70.0)
    - React-jsiexecutor (= 0.70.0)
    - React-perflogger (= 0.70.0)
    - Yoga
  - React-Core/DevSupport (0.70.0):
    - glog
    - RCT-Folly (= 2021.07.22.00)
    - React-Core/Default (= 0.70.0)
    - React-Core/RCTWebSocket (= 0.70.0)
    - React-cxxreact (= 0.70.0)
    - React-jsi (= 0.70.0)
    - React-jsiexecutor (= 0.70.0)
    - React-jsinspector (= 0.70.0)
    - React-perflogger (= 0.70.0)
    - Yoga
  - React-Core/RCTActionSheetHeaders (0.70.0):
    - glog
    - RCT-Folly (= 2021.07.22.00)
    - React-Core/Default
    - React-cxxreact (= 0.70.0)
    - React-jsi (= 0.70.0)
    - React-jsiexecutor (= 0.70.0)
    - React-perflogger (= 0.70.0)
    - Yoga
  - React-Core/RCTAnimationHeaders (0.70.0):
    - glog
    - RCT-Folly (= 2021.07.22.00)
    - React-Core/Default
    - React-cxxreact (= 0.70.0)
    - React-jsi (= 0.70.0)
    - React-jsiexecutor (= 0.70.0)
    - React-perflogger (= 0.70.0)
    - Yoga
  - React-Core/RCTBlobHeaders (0.70.0):
    - glog
    - RCT-Folly (= 2021.07.22.00)
    - React-Core/Default
    - React-cxxreact (= 0.70.0)
    - React-jsi (= 0.70.0)
    - React-jsiexecutor (= 0.70.0)
    - React-perflogger (= 0.70.0)
    - Yoga
  - React-Core/RCTImageHeaders (0.70.0):
    - glog
    - RCT-Folly (= 2021.07.22.00)
    - React-Core/Default
    - React-cxxreact (= 0.70.0)
    - React-jsi (= 0.70.0)
    - React-jsiexecutor (= 0.70.0)
    - React-perflogger (= 0.70.0)
    - Yoga
  - React-Core/RCTLinkingHeaders (0.70.0):
    - glog
    - RCT-Folly (= 2021.07.22.00)
    - React-Core/Default
    - React-cxxreact (= 0.70.0)
    - React-jsi (= 0.70.0)
    - React-jsiexecutor (= 0.70.0)
    - React-perflogger (= 0.70.0)
    - Yoga
  - React-Core/RCTNetworkHeaders (0.70.0):
    - glog
    - RCT-Folly (= 2021.07.22.00)
    - React-Core/Default
    - React-cxxreact (= 0.70.0)
    - React-jsi (= 0.70.0)
    - React-jsiexecutor (= 0.70.0)
    - React-perflogger (= 0.70.0)
    - Yoga
  - React-Core/RCTSettingsHeaders (0.70.0):
    - glog
    - RCT-Folly (= 2021.07.22.00)
    - React-Core/Default
    - React-cxxreact (= 0.70.0)
    - React-jsi (= 0.70.0)
    - React-jsiexecutor (= 0.70.0)
    - React-perflogger (= 0.70.0)
    - Yoga
  - React-Core/RCTTextHeaders (0.70.0):
    - glog
    - RCT-Folly (= 2021.07.22.00)
    - React-Core/Default
    - React-cxxreact (= 0.70.0)
    - React-jsi (= 0.70.0)
    - React-jsiexecutor (= 0.70.0)
    - React-perflogger (= 0.70.0)
    - Yoga
  - React-Core/RCTVibrationHeaders (0.70.0):
    - glog
    - RCT-Folly (= 2021.07.22.00)
    - React-Core/Default
    - React-cxxreact (= 0.70.0)
    - React-jsi (= 0.70.0)
    - React-jsiexecutor (= 0.70.0)
    - React-perflogger (= 0.70.0)
    - Yoga
  - React-Core/RCTWebSocket (0.70.0):
    - glog
    - RCT-Folly (= 2021.07.22.00)
    - React-Core/Default (= 0.70.0)
    - React-cxxreact (= 0.70.0)
    - React-jsi (= 0.70.0)
    - React-jsiexecutor (= 0.70.0)
    - React-perflogger (= 0.70.0)
    - Yoga
  - React-CoreModules (0.70.0):
    - RCT-Folly (= 2021.07.22.00)
    - RCTTypeSafety (= 0.70.0)
    - React-Codegen (= 0.70.0)
    - React-Core/CoreModulesHeaders (= 0.70.0)
    - React-jsi (= 0.70.0)
    - React-RCTImage (= 0.70.0)
    - ReactCommon/turbomodule/core (= 0.70.0)
  - React-cxxreact (0.70.0):
    - boost (= 1.76.0)
    - DoubleConversion
    - glog
    - RCT-Folly (= 2021.07.22.00)
    - React-callinvoker (= 0.70.0)
    - React-jsi (= 0.70.0)
    - React-jsinspector (= 0.70.0)
    - React-logger (= 0.70.0)
    - React-perflogger (= 0.70.0)
    - React-runtimeexecutor (= 0.70.0)
  - React-hermes (0.70.0):
    - DoubleConversion
    - glog
    - hermes-engine
    - RCT-Folly (= 2021.07.22.00)
    - RCT-Folly/Futures (= 2021.07.22.00)
    - React-cxxreact (= 0.70.0)
    - React-jsi (= 0.70.0)
    - React-jsiexecutor (= 0.70.0)
    - React-jsinspector (= 0.70.0)
    - React-perflogger (= 0.70.0)
  - React-jsi (0.70.0):
    - boost (= 1.76.0)
    - DoubleConversion
    - glog
    - RCT-Folly (= 2021.07.22.00)
    - React-jsi/Default (= 0.70.0)
  - React-jsi/Default (0.70.0):
    - boost (= 1.76.0)
    - DoubleConversion
    - glog
    - RCT-Folly (= 2021.07.22.00)
  - React-jsiexecutor (0.70.0):
    - DoubleConversion
    - glog
    - RCT-Folly (= 2021.07.22.00)
    - React-cxxreact (= 0.70.0)
    - React-jsi (= 0.70.0)
    - React-perflogger (= 0.70.0)
  - React-jsinspector (0.70.0)
  - React-logger (0.70.0):
    - glog
  - react-native-mmkv (2.4.3):
    - MMKV (>= 1.2.13)
    - React-Core
  - react-native-restart (0.0.24):
    - React-Core
  - React-perflogger (0.70.0)
  - React-RCTActionSheet (0.70.0):
    - React-Core/RCTActionSheetHeaders (= 0.70.0)
  - React-RCTAnimation (0.70.0):
    - RCT-Folly (= 2021.07.22.00)
    - RCTTypeSafety (= 0.70.0)
    - React-Codegen (= 0.70.0)
    - React-Core/RCTAnimationHeaders (= 0.70.0)
    - React-jsi (= 0.70.0)
    - ReactCommon/turbomodule/core (= 0.70.0)
  - React-RCTBlob (0.70.0):
    - RCT-Folly (= 2021.07.22.00)
    - React-Codegen (= 0.70.0)
    - React-Core/RCTBlobHeaders (= 0.70.0)
    - React-Core/RCTWebSocket (= 0.70.0)
    - React-jsi (= 0.70.0)
    - React-RCTNetwork (= 0.70.0)
    - ReactCommon/turbomodule/core (= 0.70.0)
  - React-RCTImage (0.70.0):
    - RCT-Folly (= 2021.07.22.00)
    - RCTTypeSafety (= 0.70.0)
    - React-Codegen (= 0.70.0)
    - React-Core/RCTImageHeaders (= 0.70.0)
    - React-jsi (= 0.70.0)
    - React-RCTNetwork (= 0.70.0)
    - ReactCommon/turbomodule/core (= 0.70.0)
  - React-RCTLinking (0.70.0):
    - React-Codegen (= 0.70.0)
    - React-Core/RCTLinkingHeaders (= 0.70.0)
    - React-jsi (= 0.70.0)
    - ReactCommon/turbomodule/core (= 0.70.0)
  - React-RCTNetwork (0.70.0):
    - RCT-Folly (= 2021.07.22.00)
    - RCTTypeSafety (= 0.70.0)
    - React-Codegen (= 0.70.0)
    - React-Core/RCTNetworkHeaders (= 0.70.0)
    - React-jsi (= 0.70.0)
    - ReactCommon/turbomodule/core (= 0.70.0)
  - React-RCTSettings (0.70.0):
    - RCT-Folly (= 2021.07.22.00)
    - RCTTypeSafety (= 0.70.0)
    - React-Codegen (= 0.70.0)
    - React-Core/RCTSettingsHeaders (= 0.70.0)
    - React-jsi (= 0.70.0)
    - ReactCommon/turbomodule/core (= 0.70.0)
  - React-RCTText (0.70.0):
    - React-Core/RCTTextHeaders (= 0.70.0)
  - React-RCTVibration (0.70.0):
    - RCT-Folly (= 2021.07.22.00)
    - React-Codegen (= 0.70.0)
    - React-Core/RCTVibrationHeaders (= 0.70.0)
    - React-jsi (= 0.70.0)
    - ReactCommon/turbomodule/core (= 0.70.0)
  - React-runtimeexecutor (0.70.0):
    - React-jsi (= 0.70.0)
  - ReactCommon/turbomodule/core (0.70.0):
    - DoubleConversion
    - glog
    - RCT-Folly (= 2021.07.22.00)
    - React-bridging (= 0.70.0)
    - React-callinvoker (= 0.70.0)
    - React-Core (= 0.70.0)
    - React-cxxreact (= 0.70.0)
    - React-jsi (= 0.70.0)
    - React-logger (= 0.70.0)
    - React-perflogger (= 0.70.0)
  - ReactNativeNavigation (7.29.0):
    - HMSegmentedControl
    - React-Core
    - React-RCTImage
    - React-RCTText
    - ReactNativeNavigation/Core (= 7.29.0)
  - ReactNativeNavigation/Core (7.29.0):
    - HMSegmentedControl
    - React-Core
    - React-RCTImage
    - React-RCTText
  - RNFastImage (8.6.1):
    - React-Core
    - SDWebImage (~> 5.11.1)
    - SDWebImageWebPCoder (~> 0.8.4)
  - RNFlashList (1.2.2):
    - React-Core
  - RNGestureHandler (2.6.0):
    - React-Core
  - RNReanimated (2.10.0):
    - DoubleConversion
    - FBLazyVector
    - FBReactNativeSpec
    - glog
    - RCT-Folly
    - RCTRequired
    - RCTTypeSafety
    - React-callinvoker
    - React-Core
    - React-Core/DevSupport
    - React-Core/RCTWebSocket
    - React-CoreModules
    - React-cxxreact
    - React-jsi
    - React-jsiexecutor
    - React-jsinspector
    - React-RCTActionSheet
    - React-RCTAnimation
    - React-RCTBlob
    - React-RCTImage
    - React-RCTLinking
    - React-RCTNetwork
    - React-RCTSettings
    - React-RCTText
    - ReactCommon/turbomodule/core
    - Yoga
  - RNVectorIcons (9.2.0):
    - React-Core
  - SDWebImage (5.11.1):
    - SDWebImage/Core (= 5.11.1)
  - SDWebImage/Core (5.11.1)
  - SDWebImageWebPCoder (0.8.5):
    - libwebp (~> 1.0)
    - SDWebImage/Core (~> 5.10)
  - SocketRocket (0.6.0)
  - Yoga (1.14.0)
  - YogaKit (1.18.1):
    - Yoga (~> 1.14)

DEPENDENCIES:
  - boost (from `../node_modules/react-native/third-party-podspecs/boost.podspec`)
  - DoubleConversion (from `../node_modules/react-native/third-party-podspecs/DoubleConversion.podspec`)
  - EXApplication (from `../node_modules/expo-application/ios`)
  - EXConstants (from `../node_modules/expo-constants/ios`)
  - EXErrorRecovery (from `../node_modules/expo-error-recovery/ios`)
  - EXFileSystem (from `../node_modules/expo-file-system/ios`)
  - EXFont (from `../node_modules/expo-font/ios`)
  - Expo (from `../node_modules/expo`)
  - ExpoKeepAwake (from `../node_modules/expo-keep-awake/ios`)
  - ExpoLocalization (from `../node_modules/expo-localization/ios`)
  - ExpoModulesCore (from `../node_modules/expo-modules-core/ios`)
  - FBLazyVector (from `../node_modules/react-native/Libraries/FBLazyVector`)
  - FBReactNativeSpec (from `../node_modules/react-native/React/FBReactNativeSpec`)
  - Flipper (= 0.125.0)
  - Flipper-Boost-iOSX (= 1.76.0.1.11)
  - Flipper-DoubleConversion (= 3.2.0.1)
  - Flipper-Fmt (= 7.1.7)
  - Flipper-Folly (= 2.6.10)
  - Flipper-Glog (= 0.5.0.5)
  - Flipper-PeerTalk (= 0.0.4)
  - Flipper-RSocket (= 1.4.3)
  - FlipperKit (= 0.125.0)
  - FlipperKit/Core (= 0.125.0)
  - FlipperKit/CppBridge (= 0.125.0)
  - FlipperKit/FBCxxFollyDynamicConvert (= 0.125.0)
  - FlipperKit/FBDefines (= 0.125.0)
  - FlipperKit/FKPortForwarding (= 0.125.0)
  - FlipperKit/FlipperKitHighlightOverlay (= 0.125.0)
  - FlipperKit/FlipperKitLayoutPlugin (= 0.125.0)
  - FlipperKit/FlipperKitLayoutTextSearchable (= 0.125.0)
  - FlipperKit/FlipperKitNetworkPlugin (= 0.125.0)
  - FlipperKit/FlipperKitReactPlugin (= 0.125.0)
  - FlipperKit/FlipperKitUserDefaultsPlugin (= 0.125.0)
  - FlipperKit/SKIOSNetworkPlugin (= 0.125.0)
  - glog (from `../node_modules/react-native/third-party-podspecs/glog.podspec`)
  - hermes-engine (from `../node_modules/react-native/sdks/hermes/hermes-engine.podspec`)
  - libevent (~> 2.1.12)
  - OpenSSL-Universal (= 1.1.1100)
  - RCT-Folly (from `../node_modules/react-native/third-party-podspecs/RCT-Folly.podspec`)
  - RCTRequired (from `../node_modules/react-native/Libraries/RCTRequired`)
  - RCTTypeSafety (from `../node_modules/react-native/Libraries/TypeSafety`)
  - React (from `../node_modules/react-native/`)
  - React-bridging (from `../node_modules/react-native/ReactCommon`)
  - React-callinvoker (from `../node_modules/react-native/ReactCommon/callinvoker`)
  - React-Codegen (from `build/generated/ios`)
  - React-Core (from `../node_modules/react-native/`)
  - React-Core/DevSupport (from `../node_modules/react-native/`)
  - React-Core/RCTWebSocket (from `../node_modules/react-native/`)
  - React-CoreModules (from `../node_modules/react-native/React/CoreModules`)
  - React-cxxreact (from `../node_modules/react-native/ReactCommon/cxxreact`)
  - React-hermes (from `../node_modules/react-native/ReactCommon/hermes`)
  - React-jsi (from `../node_modules/react-native/ReactCommon/jsi`)
  - React-jsiexecutor (from `../node_modules/react-native/ReactCommon/jsiexecutor`)
  - React-jsinspector (from `../node_modules/react-native/ReactCommon/jsinspector`)
  - React-logger (from `../node_modules/react-native/ReactCommon/logger`)
  - react-native-mmkv (from `../node_modules/react-native-mmkv`)
  - react-native-restart (from `../node_modules/react-native-restart`)
  - React-perflogger (from `../node_modules/react-native/ReactCommon/reactperflogger`)
  - React-RCTActionSheet (from `../node_modules/react-native/Libraries/ActionSheetIOS`)
  - React-RCTAnimation (from `../node_modules/react-native/Libraries/NativeAnimation`)
  - React-RCTBlob (from `../node_modules/react-native/Libraries/Blob`)
  - React-RCTImage (from `../node_modules/react-native/Libraries/Image`)
  - React-RCTLinking (from `../node_modules/react-native/Libraries/LinkingIOS`)
  - React-RCTNetwork (from `../node_modules/react-native/Libraries/Network`)
  - React-RCTSettings (from `../node_modules/react-native/Libraries/Settings`)
  - React-RCTText (from `../node_modules/react-native/Libraries/Text`)
  - React-RCTVibration (from `../node_modules/react-native/Libraries/Vibration`)
  - React-runtimeexecutor (from `../node_modules/react-native/ReactCommon/runtimeexecutor`)
  - ReactCommon/turbomodule/core (from `../node_modules/react-native/ReactCommon`)
  - ReactNativeNavigation (from `../node_modules/react-native-navigation`)
  - RNFastImage (from `../node_modules/react-native-fast-image`)
  - "RNFlashList (from `../node_modules/@shopify/flash-list`)"
  - RNGestureHandler (from `../node_modules/react-native-gesture-handler`)
  - RNReanimated (from `../node_modules/react-native-reanimated`)
  - RNVectorIcons (from `../node_modules/react-native-vector-icons`)
  - Yoga (from `../node_modules/react-native/ReactCommon/yoga`)

SPEC REPOS:
  trunk:
    - CocoaAsyncSocket
    - Flipper
    - Flipper-Boost-iOSX
    - Flipper-DoubleConversion
    - Flipper-Fmt
    - Flipper-Folly
    - Flipper-Glog
    - Flipper-PeerTalk
    - Flipper-RSocket
    - FlipperKit
    - fmt
    - HMSegmentedControl
    - libevent
    - libwebp
    - MMKV
    - MMKVCore
    - OpenSSL-Universal
    - SDWebImage
    - SDWebImageWebPCoder
    - SocketRocket
    - YogaKit

EXTERNAL SOURCES:
  boost:
    :podspec: "../node_modules/react-native/third-party-podspecs/boost.podspec"
  DoubleConversion:
    :podspec: "../node_modules/react-native/third-party-podspecs/DoubleConversion.podspec"
  EXApplication:
    :path: "../node_modules/expo-application/ios"
  EXConstants:
    :path: "../node_modules/expo-constants/ios"
  EXErrorRecovery:
    :path: "../node_modules/expo-error-recovery/ios"
  EXFileSystem:
    :path: "../node_modules/expo-file-system/ios"
  EXFont:
    :path: "../node_modules/expo-font/ios"
  Expo:
    :path: "../node_modules/expo"
  ExpoKeepAwake:
    :path: "../node_modules/expo-keep-awake/ios"
  ExpoLocalization:
    :path: "../node_modules/expo-localization/ios"
  ExpoModulesCore:
    :path: "../node_modules/expo-modules-core/ios"
  FBLazyVector:
    :path: "../node_modules/react-native/Libraries/FBLazyVector"
  FBReactNativeSpec:
    :path: "../node_modules/react-native/React/FBReactNativeSpec"
  glog:
    :podspec: "../node_modules/react-native/third-party-podspecs/glog.podspec"
  hermes-engine:
    :podspec: "../node_modules/react-native/sdks/hermes/hermes-engine.podspec"
  RCT-Folly:
    :podspec: "../node_modules/react-native/third-party-podspecs/RCT-Folly.podspec"
  RCTRequired:
    :path: "../node_modules/react-native/Libraries/RCTRequired"
  RCTTypeSafety:
    :path: "../node_modules/react-native/Libraries/TypeSafety"
  React:
    :path: "../node_modules/react-native/"
  React-bridging:
    :path: "../node_modules/react-native/ReactCommon"
  React-callinvoker:
    :path: "../node_modules/react-native/ReactCommon/callinvoker"
  React-Codegen:
    :path: build/generated/ios
  React-Core:
    :path: "../node_modules/react-native/"
  React-CoreModules:
    :path: "../node_modules/react-native/React/CoreModules"
  React-cxxreact:
    :path: "../node_modules/react-native/ReactCommon/cxxreact"
  React-hermes:
    :path: "../node_modules/react-native/ReactCommon/hermes"
  React-jsi:
    :path: "../node_modules/react-native/ReactCommon/jsi"
  React-jsiexecutor:
    :path: "../node_modules/react-native/ReactCommon/jsiexecutor"
  React-jsinspector:
    :path: "../node_modules/react-native/ReactCommon/jsinspector"
  React-logger:
    :path: "../node_modules/react-native/ReactCommon/logger"
  react-native-mmkv:
    :path: "../node_modules/react-native-mmkv"
  react-native-restart:
    :path: "../node_modules/react-native-restart"
  React-perflogger:
    :path: "../node_modules/react-native/ReactCommon/reactperflogger"
  React-RCTActionSheet:
    :path: "../node_modules/react-native/Libraries/ActionSheetIOS"
  React-RCTAnimation:
    :path: "../node_modules/react-native/Libraries/NativeAnimation"
  React-RCTBlob:
    :path: "../node_modules/react-native/Libraries/Blob"
  React-RCTImage:
    :path: "../node_modules/react-native/Libraries/Image"
  React-RCTLinking:
    :path: "../node_modules/react-native/Libraries/LinkingIOS"
  React-RCTNetwork:
    :path: "../node_modules/react-native/Libraries/Network"
  React-RCTSettings:
    :path: "../node_modules/react-native/Libraries/Settings"
  React-RCTText:
    :path: "../node_modules/react-native/Libraries/Text"
  React-RCTVibration:
    :path: "../node_modules/react-native/Libraries/Vibration"
  React-runtimeexecutor:
    :path: "../node_modules/react-native/ReactCommon/runtimeexecutor"
  ReactCommon:
    :path: "../node_modules/react-native/ReactCommon"
  ReactNativeNavigation:
    :path: "../node_modules/react-native-navigation"
  RNFastImage:
    :path: "../node_modules/react-native-fast-image"
  RNFlashList:
    :path: "../node_modules/@shopify/flash-list"
  RNGestureHandler:
    :path: "../node_modules/react-native-gesture-handler"
  RNReanimated:
    :path: "../node_modules/react-native-reanimated"
  RNVectorIcons:
    :path: "../node_modules/react-native-vector-icons"
  Yoga:
    :path: "../node_modules/react-native/ReactCommon/yoga"

SPEC CHECKSUMS:
  boost: a7c83b31436843459a1961bfd74b96033dc77234
  CocoaAsyncSocket: 065fd1e645c7abab64f7a6a2007a48038fdc6a99
  DoubleConversion: 5189b271737e1565bdce30deb4a08d647e3f5f54
  EXApplication: e418d737a036e788510f2c4ad6c10a7d54d18586
  EXConstants: 7c44785d41d8e959d527d23d29444277a4d1ee73
  EXErrorRecovery: 74d71ee59f6814315457b09d68e86aa95cc7d05d
  EXFileSystem: 927e0a8885aa9c49e50fc38eaba2c2389f2f1019
  EXFont: a5d80bd9b3452b2d5abbce2487da89b0150e6487
  Expo: fcdb32274e2ca9c7638d3b21b30fb665c6869219
  ExpoKeepAwake: 0e8f18142e71bbf2c7f6aa66ebed249ba1420320
  ExpoLocalization: 63204f4b9d4f653469d266332ceaa6c6ac8a305d
  ExpoModulesCore: 5a973701f4400d70254bc836305228731c829010
  FBLazyVector: 6c76fe46345039d5cf0549e9ddaf5aa169630a4a
  FBReactNativeSpec: 1a270246542f5c52248cb26a96db119cfe3cb760
  Flipper: 26fc4b7382499f1281eb8cb921e5c3ad6de91fe0
  Flipper-Boost-iOSX: fd1e2b8cbef7e662a122412d7ac5f5bea715403c
  Flipper-DoubleConversion: 2dc99b02f658daf147069aad9dbd29d8feb06d30
  Flipper-Fmt: 60cbdd92fc254826e61d669a5d87ef7015396a9b
  Flipper-Folly: 584845625005ff068a6ebf41f857f468decd26b3
  Flipper-Glog: 70c50ce58ddaf67dc35180db05f191692570f446
  Flipper-PeerTalk: 116d8f857dc6ef55c7a5a75ea3ceaafe878aadc9
  Flipper-RSocket: d9d9ade67cbecf6ac10730304bf5607266dd2541
  FlipperKit: cbdee19bdd4e7f05472a66ce290f1b729ba3cb86
  fmt: ff9d55029c625d3757ed641535fd4a75fedc7ce9
  glog: 04b94705f318337d7ead9e6d17c019bd9b1f6b1b
  hermes-engine: 8e84f1284180801c1a1b241f443ba64f931ff561
  HMSegmentedControl: 34c1f54d822d8308e7b24f5d901ec674dfa31352
  libevent: 4049cae6c81cdb3654a443be001fb9bdceff7913
  libwebp: 60305b2e989864154bd9be3d772730f08fc6a59c
  MMKV: 9c4663aa7ca255d478ff10f2f5cb7d17c1651ccd
  MMKVCore: 89f5c8a66bba2dcd551779dea4d412eeec8ff5bb
  OpenSSL-Universal: ebc357f1e6bc71fa463ccb2fe676756aff50e88c
  RCT-Folly: 0080d0a6ebf2577475bda044aa59e2ca1f909cda
  RCTRequired: d0e501e8024056451424aa341daa078c0c620b0d
  RCTTypeSafety: 14a3928ef69eeb4e5bb4f36fefb5ed6a392643ac
  React: a76fa5a8f540c9625fc16cfb3a7bbae9877716d5
  React-bridging: 3b8c4365cf22dc668cb4f29eafd83ace49a87835
  React-callinvoker: 0b108cf2d78be04f46f5e5fff53acfd019f8b9ab
  React-Codegen: 2f3419b3a3c825ccb6a399bcf0db53b9761235ed
  React-Core: 0a760f00a2cf3f44324266c227b01594f95ef7a0
  React-CoreModules: 4c5bc80e046efcb695d826ba276567051f91321e
  React-cxxreact: b07535295fd2c773a681f09d87dcba342e46dc7d
  React-hermes: 05a55bdc1b6887fdaf7a871f59728a007ddee30b
  React-jsi: baa181d7aa5867d5438f7969a257846cd7a97559
  React-jsiexecutor: be588b7abbea4f1d03840bc675d68d99380e5bf3
  React-jsinspector: bd839d6c2c28e49fe1373f055735d2abecbd6cf3
  React-logger: 48d82b9be8e44d86668de4453fdb60255516388b
  react-native-mmkv: 1265a348a4711097ba29c8bcefd5971f48220f2b
  react-native-restart: 45c8dca02491980f2958595333cbccd6877cb57e
  React-perflogger: 77947e49d84e31eb87d454d4ef327542dcfeaebc
  React-RCTActionSheet: 9f5fd6c1666c1a834ab7f45a452ed08b1de44eb8
  React-RCTAnimation: 6fd3db6ca387c8432fd6a26428e940a081bcb476
  React-RCTBlob: 43ff9a00ea606c911c14da74a5bd0a07b54d0c34
  React-RCTImage: 10ef13883116c1fd67ec3229d96556893771f747
  React-RCTLinking: ff75f970da9e1b0491cfe642f34d8a1ab5338715
  React-RCTNetwork: 0528cb19329a0764061ec053c4e3ab8a52ad8741
  React-RCTSettings: 26ef15ef3a9019fc09f4f8264f5ca79bf4dfc6de
  React-RCTText: 4eeb0a8afd28d691f0bd4c104bf3234d79c78b0c
  React-RCTVibration: 5499b77c0fd57f346a5f0b36bb79fdb020d17d3e
  React-runtimeexecutor: 80c195ffcafb190f531fdc849dc2d19cb4bb2b34
  ReactCommon: de55f940495d7bf87b5d7bf55b5b15cdd50d7d7b
  ReactNativeNavigation: 3b09d0b7a64326dbcea7e64231287c766b18adf0
  RNFastImage: 3207b9eb17c2425d574ca40db35185db6e324f4e
  RNFlashList: 13d14d9502661134ad3ba892f81d76bdcbd79755
  RNGestureHandler: 920eb17f5b1e15dae6e5ed1904045f8f90e0b11e
  RNReanimated: 60e291d42c77752a0f6d6f358387bdf225a87c6e
  RNVectorIcons: fcc2f6cb32f5735b586e66d14103a74ce6ad61f8
  SDWebImage: a7f831e1a65eb5e285e3fb046a23fcfbf08e696d
  SDWebImageWebPCoder: 908b83b6adda48effe7667cd2b7f78c897e5111d
  SocketRocket: fccef3f9c5cedea1353a9ef6ada904fde10d6608
  Yoga: 82c9e8f652789f67d98bed5aef9d6653f71b04a9
  YogaKit: f782866e155069a2cca2517aafea43200b01fd5a

PODFILE CHECKSUM: 022f137ad918ca85e501ce208ca0e1b6e9db36df

COCOAPODS: 1.11.3
